
Microsoft Visual Studio Solution File, Format Version 12.00
# Visual Studio Version 16
VisualStudioVersion = 16.0.31410.357
MinimumVisualStudioVersion = 10.0.40219.1
Project("{FAE04EC0-301F-11D3-BF4B-00C04F79EFBC}") = "Csharp_Login_Registration", "Csharp_Login_Registration.csproj", "{611AB821-29A3-4208-8402-E55216239E79}"
EndProject
Project("{2150E333-8FDC-42A3-9474-1A3956D46DE8}") = "Solution Items", "Solution Items", "{9B9CC0A8-9DD2-4B0C-B7E5-0B5FA2A22E46}"
	ProjectSection(SolutionItems) = preProject
		.editorconfig = .editorconfig
	EndProjectSection
EndProject
Global
	GlobalSection(SolutionConfigurationPlatforms) = preSolution
		Debug|Any CPU = Debug|Any CPU
		Release|Any CPU = Release|Any CPU
	EndGlobalSection
	GlobalSection(ProjectConfigurationPlatforms) = postSolution
		{611AB821-29A3-4208-8402-E55216239E79}.Debug|Any CPU.ActiveCfg = Debug|Any CPU
		{611AB821-29A3-4208-8402-E55216239E79}.Debug|Any CPU.Build.0 = Debug|Any CPU
		{611AB821-29A3-4208-8402-E55216239E79}.Release|Any CPU.ActiveCfg = Release|Any CPU
		{611AB821-29A3-4208-8402-E55216239E79}.Release|Any CPU.Build.0 = Release|Any CPU
	EndGlobalSection
	GlobalSection(SolutionProperties) = preSolution
		HideSolutionNode = FALSE
	EndGlobalSection
	GlobalSection(ExtensibilityGlobals) = postSolution
		SolutionGuid = {9EA77633-889F-4655-B761-6A13BB9610CA}
	EndGlobalSection
EndGlobal
